{
  "name": "AWS-tools",
  "version": "0.0.0",
  "dependencies": {
    "aws-sdk": {
      "version": "0.9.7-pre.8",
      "from": "aws-sdk@0.9.7-pre.8",
      "dependencies": {
        "xml2js": {
          "version": "0.2.4",
          "from": "xml2js@0.2.4",
          "dependencies": {
            "sax": {
              "version": "0.5.2",
              "from": "sax@0.5.2"
            }
          }
        },
        "xmlbuilder": {
          "version": "0.4.2",
          "from": "xmlbuilder@0.4.2"
        }
      }
    },
    "optimist": {
      "version": "0.3.5",
      "from": "optimist@0.3.5",
      "resolved": "https://registry.npmjs.org/optimist/-/optimist-0.3.5.tgz",
      "dependencies": {
        "wordwrap": {
          "version": "0.0.2",
          "from": "wordwrap@0.0.2"
        }
      }
    },
    "async": {
      "version": "0.1.22",
      "from": "async@0.1.22",
      "resolved": "https://registry.npmjs.org/async/-/async-0.1.22.tgz"
    },
    "request": {
      "version": "2.12.0",
      "from": "https://registry.npmjs.org/request/-/request-2.12.0.tgz",
      "resolved": "https://registry.npmjs.org/request/-/request-2.12.0.tgz",
      "dependencies": {
        "form-data": {
          "version": "0.0.3",
          "from": "form-data",
          "dependencies": {
            "combined-stream": {
              "version": "0.0.3",
              "from": "combined-stream@0.0.3",
              "dependencies": {
                "delayed-stream": {
                  "version": "0.0.5",
                  "from": "delayed-stream@0.0.5"
                }
              }
            },
            "async": {
              "version": "0.1.9",
              "from": "async@0.1.9"
            }
          }
        },
        "mime": {
          "version": "1.2.7",
          "from": "mime"
        }
      }
    },
    "mysql": {
      "version": "2.0.0-alpha9",
      "from": "mysql@",
      "dependencies": {
        "require-all": {
          "version": "0.0.3",
          "from": "require-all@0.0.3"
        },
        "bignumber.js": {
          "version": "1.0.1",
          "from": "bignumber.js@1.0.1"
        }
      }
    }
  }
}
